# This file is autogenerated, do not edit; changes may be undone by the next 'dep ensure'.


[[projects]]
  name = "github.com/jteeuwen/go-bindata"
  packages = ["."]
  revision = "bbd0c6e271208dce66d8fda4bc536453cd27fc4a"
  version = "v3.0.7"

[[projects]]
  branch = "master"
  name = "github.com/thestk/rtaudio"
  packages = ["contrib/go/rtaudio"]
  revision = "cd561b79e61a438bff04c3ae3720b371c496693d"

[[projects]]
  branch = "master"
  name = "github.com/thestk/rtmidi"
  packages = ["contrib/go/rtmidi"]
  revision = "9458def712cf206b1ec679ea870215ba09df06cb"

[[projects]]
  branch = "master"
  name = "github.com/zserge/webview"
  packages = ["."]
  revision = "0bee6e66e4ac33af2ed44cb5c5ff9f7e9ddd0b56"

[solve-meta]
  analyzer-name = "dep"
  analyzer-version = 1
  inputs-digest = "0f85f903f8dbc4d12888ecd5fe6f1fb80b21b080c7ef6e883366c90dec21be65"
  solver-name = "gps-cdcl"
  solver-version = 1
