# This file is autogenerated, do not edit; changes may be undone by the next 'dep ensure'.


[[projects]]
  name = "github.com/jteeuwen/go-bindata"
  packages = ["."]
  revision = "bbd0c6e271208dce66d8fda4bc536453cd27fc4a"
  version = "v3.0.7"

[[projects]]
  branch = "master"
  name = "github.com/thestk/rtaudio"
  packages = ["contrib/go/rtaudio"]
  revision = "ce13dfbf30fd1ab4e7f7eff8886a80f144c75e5d"

[[projects]]
  branch = "master"
  name = "github.com/thestk/rtmidi"
  packages = ["contrib/go/rtmidi"]
  revision = "0c28984a54b6137effcbbf1f58e784b91642e709"

[[projects]]
  branch = "master"
  name = "github.com/zserge/webview"
  packages = ["."]
  revision = "7451f8d931069ff3e2fb9d469097a6e9307513ee"

[solve-meta]
  analyzer-name = "dep"
  analyzer-version = 1
  inputs-digest = "0f85f903f8dbc4d12888ecd5fe6f1fb80b21b080c7ef6e883366c90dec21be65"
  solver-name = "gps-cdcl"
  solver-version = 1
