# This file is autogenerated, do not edit; changes may be undone by the next 'dep ensure'.


[[projects]]
  name = "github.com/jteeuwen/go-bindata"
  packages = ["."]
  revision = "bbd0c6e271208dce66d8fda4bc536453cd27fc4a"
  version = "v3.0.7"

[[projects]]
  branch = "master"
  name = "github.com/thestk/rtaudio"
  packages = ["contrib/go/rtaudio"]
  revision = "44e8c742d4fd088069888efe491ba16672e67d6b"

[[projects]]
  branch = "master"
  name = "github.com/thestk/rtmidi"
  packages = ["contrib/go/rtmidi"]
  revision = "b2cac962901ce098366dfe683a1d95d5094e0f46"

[[projects]]
  branch = "master"
  name = "github.com/zserge/webview"
  packages = ["."]
  revision = "0750fa7fb2dcb6c5f5e3fb7a0eb42b53c457a8f5"

[solve-meta]
  analyzer-name = "dep"
  analyzer-version = 1
  inputs-digest = "0f85f903f8dbc4d12888ecd5fe6f1fb80b21b080c7ef6e883366c90dec21be65"
  solver-name = "gps-cdcl"
  solver-version = 1
